PODS:
  - Firebase/Core (5.2.0):
    - Firebase/CoreOnly
    - FirebaseAnalytics (= 5.0.1)
  - Firebase/CoreOnly (5.2.0):
    - FirebaseCore (= 5.0.3)
  - Firebase/MLVision (5.2.0):
    - Firebase/CoreOnly
    - FirebaseMLVision (= 0.9.0)
  - Firebase/MLVisionTextModel (5.2.0):
    - Firebase/CoreOnly
    - FirebaseMLVisionTextModel (= 0.9.0)
  - FirebaseAnalytics (5.0.1):
    - FirebaseCore (~> 5.0)
    - FirebaseInstanceID (~> 3.0)
    - "GoogleToolboxForMac/NSData+zlib (~> 2.1)"
    - nanopb (~> 0.3)
  - FirebaseCore (5.0.3):
    - "GoogleToolboxForMac/NSData+zlib (~> 2.1)"
  - FirebaseInstanceID (3.1.1):
    - FirebaseCore (~> 5.0)
  - FirebaseMLCommon (0.10.0):
    - FirebaseCore (~> 5.0)
  - FirebaseMLVision (0.9.0):
    - FirebaseCore (~> 5.0)
    - FirebaseMLCommon (~> 0.9)
    - GoogleAPIClientForREST/Core (~> 1.3)
    - GoogleAPIClientForREST/Vision (~> 1.3)
    - GoogleMobileVision/Detector (~> 1.3.0)
  - FirebaseMLVisionTextModel (0.9.0):
    - GoogleMobileVision/TextDetector (~> 1.3.0)
  - GoogleAPIClientForREST/Core (1.3.9):
    - GTMSessionFetcher (>= 1.1.7)
  - GoogleAPIClientForREST/Vision (1.3.9):
    - GoogleAPIClientForREST/Core
    - GTMSessionFetcher (>= 1.1.7)
  - GoogleMobileVision/Detector (1.3.3):
    - GoogleToolboxForMac/Logger (~> 2.1)
    - "GoogleToolboxForMac/NSData+zlib (~> 2.1)"
    - GTMSessionFetcher/Core (~> 1.1)
    - Protobuf (~> 3.1)
  - GoogleMobileVision/TextDetector (1.3.3):
    - GoogleMobileVision/Detector (~> 1.3)
  - GoogleToolboxForMac/Defines (2.2.1)
  - GoogleToolboxForMac/Logger (2.2.1):
    - GoogleToolboxForMac/Defines (= 2.2.1)
  - "GoogleToolboxForMac/NSData+zlib (2.2.1)":
    - GoogleToolboxForMac/Defines (= 2.2.1)
  - GTMSessionFetcher (1.2.2):
    - GTMSessionFetcher/Full (= 1.2.2)
  - GTMSessionFetcher/Core (1.2.2)
  - GTMSessionFetcher/Full (1.2.2):
    - GTMSessionFetcher/Core (= 1.2.2)
  - nanopb (0.3.901):
    - nanopb/decode (= 0.3.901)
    - nanopb/encode (= 0.3.901)
  - nanopb/decode (0.3.901)
  - nanopb/encode (0.3.901)
  - Protobuf (3.7.0)

DEPENDENCIES:
  - Firebase/Core (~> 5.2.0)
  - Firebase/MLVision (~> 5.2.0)
  - Firebase/MLVisionTextModel (~> 5.2.0)

SPEC REPOS:
  https://github.com/cocoapods/specs.git:
    - Firebase
    - FirebaseAnalytics
    - FirebaseCore
    - FirebaseInstanceID
    - FirebaseMLCommon
    - FirebaseMLVision
    - FirebaseMLVisionTextModel
    - GoogleAPIClientForREST
    - GoogleMobileVision
    - GoogleToolboxForMac
    - GTMSessionFetcher
    - nanopb
    - Protobuf

SPEC CHECKSUMS:
  Firebase: 25ed0412036d7d008568d1fb4d2e9d81ea8a0a2c
  FirebaseAnalytics: b3628aea54c50464c32c393fb2ea032566e7ecc2
  FirebaseCore: a3c87242451633fff8490183898075ce77d168d2
  FirebaseInstanceID: f3f0657372592ecdfdfe2cac604a5a75758376a6
  FirebaseMLCommon: 88ffed2dbb54ecb7dbcf8080a7654b6ea938e15b
  FirebaseMLVision: f9756d8376dd150fb17629eaa7bdc6baa8965677
  FirebaseMLVisionTextModel: 8a9cb61296d4d15d60eb0c7c66a2a88790b34376
  GoogleAPIClientForREST: 44c7b678cbab11d26a47eab7309d6179b1a61f0c
  GoogleMobileVision: 7e0eeac8d897ac1f9a4f9d55d3d2df81325f92ec
  GoogleToolboxForMac: b3553629623a3b1bff17f555e736cd5a6d95ad55
  GTMSessionFetcher: 61bb0f61a4cb560030f1222021178008a5727a23
  nanopb: 2901f78ea1b7b4015c860c2fdd1ea2fee1a18d48
  Protobuf: 7a877b7f3e5964e3fce995e2eb323dbc6831bb5a

PODFILE CHECKSUM: c702fad88a625c89f34a5faf085aa3b6039b24c7

COCOAPODS: 1.6.2
